
Microsoft Visual Studio Solution File, Format Version 12.00
# Visual Studio Version 17
VisualStudioVersion = 17.13.35818.85 d17.13
MinimumVisualStudioVersion = 10.0.40219.1
Project("{FAE04EC0-301F-11D3-BF4B-00C04F79EFBC}") = "HGSMAPI", "HGSMAPI\HGSMAPI.csproj", "{1814CAD5-0D0D-4517-B475-02A55C65394F}"
EndProject
Global
	GlobalSection(SolutionConfigurationPlatforms) = preSolution
		Debug|Any CPU = Debug|Any CPU
		Release|Any CPU = Release|Any CPU
	EndGlobalSection
	GlobalSection(ProjectConfigurationPlatforms) = postSolution
		{1814CAD5-0D0D-4517-B475-02A55C65394F}.Debug|Any CPU.ActiveCfg = Debug|Any CPU
		{1814CAD5-0D0D-4517-B475-02A55C65394F}.Debug|Any CPU.Build.0 = Debug|Any CPU
		{1814CAD5-0D0D-4517-B475-02A55C65394F}.Release|Any CPU.ActiveCfg = Release|Any CPU
		{1814CAD5-0D0D-4517-B475-02A55C65394F}.Release|Any CPU.Build.0 = Release|Any CPU
	EndGlobalSection
	GlobalSection(SolutionProperties) = preSolution
		HideSolutionNode = FALSE
	EndGlobalSection
	GlobalSection(ExtensibilityGlobals) = postSolution
		SolutionGuid = {2AADB2B1-E68C-4D82-AA70-ADEBA55039A2}
	EndGlobalSection
EndGlobal
